
Microsoft Visual Studio Solution File, Format Version 12.00
# Visual Studio 2012
Project("{FAE04EC0-301F-11D3-BF4B-00C04F79EFBC}") = "UpdateEarning2", "UpdateEarning2\UpdateEarning2.csproj", "{B9ECECC0-9849-479B-8057-6F8A4C2BBA08}"
EndProject
Global
	GlobalSection(SolutionConfigurationPlatforms) = preSolution
		Debug|Any CPU = Debug|Any CPU
		Release|Any CPU = Release|Any CPU
	EndGlobalSection
	GlobalSection(ProjectConfigurationPlatforms) = postSolution
		{B9ECECC0-9849-479B-8057-6F8A4C2BBA08}.Debug|Any CPU.ActiveCfg = Debug|Any CPU
		{B9ECECC0-9849-479B-8057-6F8A4C2BBA08}.Debug|Any CPU.Build.0 = Debug|Any CPU
		{B9ECECC0-9849-479B-8057-6F8A4C2BBA08}.Release|Any CPU.ActiveCfg = Release|Any CPU
		{B9ECECC0-9849-479B-8057-6F8A4C2BBA08}.Release|Any CPU.Build.0 = Release|Any CPU
	EndGlobalSection
	GlobalSection(SolutionProperties) = preSolution
		HideSolutionNode = FALSE
	EndGlobalSection
EndGlobal
